
Microsoft Visual Studio Solution File, Format Version 12.00
# Visual Studio Version 17
VisualStudioVersion = 17.8.34408.163
MinimumVisualStudioVersion = 10.0.40219.1
Project("{FAE04EC0-301F-11D3-BF4B-00C04F79EFBC}") = "Telegram.Bot.Downloader.Youtube", "TelegramBot.Application\Telegram.Bot.Downloader.Youtube.csproj", "{A8A689BC-F39E-49B5-ADC0-41EC6C6F130B}"
EndProject
Global
	GlobalSection(SolutionConfigurationPlatforms) = preSolution
		Debug|Any CPU = Debug|Any CPU
		Release|Any CPU = Release|Any CPU
	EndGlobalSection
	GlobalSection(ProjectConfigurationPlatforms) = postSolution
		{A8A689BC-F39E-49B5-ADC0-41EC6C6F130B}.Debug|Any CPU.ActiveCfg = Debug|Any CPU
		{A8A689BC-F39E-49B5-ADC0-41EC6C6F130B}.Debug|Any CPU.Build.0 = Debug|Any CPU
		{A8A689BC-F39E-49B5-ADC0-41EC6C6F130B}.Release|Any CPU.ActiveCfg = Release|Any CPU
		{A8A689BC-F39E-49B5-ADC0-41EC6C6F130B}.Release|Any CPU.Build.0 = Release|Any CPU
	EndGlobalSection
	GlobalSection(SolutionProperties) = preSolution
		HideSolutionNode = FALSE
	EndGlobalSection
	GlobalSection(ExtensibilityGlobals) = postSolution
		SolutionGuid = {8FDB8946-0688-4DDD-8C9A-DFD9E2EF6302}
	EndGlobalSection
EndGlobal
